
Microsoft Visual Studio Solution File, Format Version 12.00
# Visual Studio Version 16
VisualStudioVersion = 16.0.29123.88
MinimumVisualStudioVersion = 10.0.40219.1
Project("{9A19103F-16F7-4668-BE54-9A1E7A4F7556}") = "Core", "Core\Core.csproj", "{50371F70-05E3-4D8A-B582-E8E2B4826AB6}"
EndProject
Project("{9A19103F-16F7-4668-BE54-9A1E7A4F7556}") = "Tests", "Tests\Tests.csproj", "{ED866C80-C670-432B-8F7A-F705DBFA21D6}"
EndProject
Project("{FAE04EC0-301F-11D3-BF4B-00C04F79EFBC}") = "Rand", "Rand\Rand.csproj", "{D9C3778C-E616-4F6E-9DAD-9FA0D7F198A6}"
EndProject
Global
	GlobalSection(SolutionConfigurationPlatforms) = preSolution
		Debug|Any CPU = Debug|Any CPU
		Release|Any CPU = Release|Any CPU
	EndGlobalSection
	GlobalSection(ProjectConfigurationPlatforms) = postSolution
		{50371F70-05E3-4D8A-B582-E8E2B4826AB6}.Debug|Any CPU.ActiveCfg = Debug|Any CPU
		{50371F70-05E3-4D8A-B582-E8E2B4826AB6}.Debug|Any CPU.Build.0 = Debug|Any CPU
		{50371F70-05E3-4D8A-B582-E8E2B4826AB6}.Release|Any CPU.ActiveCfg = Release|Any CPU
		{50371F70-05E3-4D8A-B582-E8E2B4826AB6}.Release|Any CPU.Build.0 = Release|Any CPU
		{ED866C80-C670-432B-8F7A-F705DBFA21D6}.Debug|Any CPU.ActiveCfg = Debug|Any CPU
		{ED866C80-C670-432B-8F7A-F705DBFA21D6}.Debug|Any CPU.Build.0 = Debug|Any CPU
		{ED866C80-C670-432B-8F7A-F705DBFA21D6}.Release|Any CPU.ActiveCfg = Release|Any CPU
		{ED866C80-C670-432B-8F7A-F705DBFA21D6}.Release|Any CPU.Build.0 = Release|Any CPU
		{D9C3778C-E616-4F6E-9DAD-9FA0D7F198A6}.Debug|Any CPU.ActiveCfg = Debug|Any CPU
		{D9C3778C-E616-4F6E-9DAD-9FA0D7F198A6}.Debug|Any CPU.Build.0 = Debug|Any CPU
		{D9C3778C-E616-4F6E-9DAD-9FA0D7F198A6}.Release|Any CPU.ActiveCfg = Release|Any CPU
		{D9C3778C-E616-4F6E-9DAD-9FA0D7F198A6}.Release|Any CPU.Build.0 = Release|Any CPU
	EndGlobalSection
	GlobalSection(SolutionProperties) = preSolution
		HideSolutionNode = FALSE
	EndGlobalSection
	GlobalSection(ExtensibilityGlobals) = postSolution
		SolutionGuid = {045A5181-6986-433B-B55D-883AB018102A}
	EndGlobalSection
EndGlobal
