Microsoft Visual Studio Solution File, Format Version 12.00
# Visual Studio Version 16
VisualStudioVersion = 16.0.29123.88
MinimumVisualStudioVersion = 10.0.40219.1
Project("{9A19103F-16F7-4668-BE54-9A1E7A4F7556}") = "Core", "Core\Core.csproj", "{50371F70-05E3-4D8A-B582-E8E2B4826AB6}"
EndProject
Project("{9A19103F-16F7-4668-BE54-9A1E7A4F7556}") = "Tests", "Tests\Tests.csproj", "{ED866C80-C670-432B-8F7A-F705DBFA21D6}"
EndProject
Project("{9A19103F-16F7-4668-BE54-9A1E7A4F7556}") = "RandN", "RandN\RandN.csproj", "{D9C3778C-E616-4F6E-9DAD-9FA0D7F198A6}"
EndProject
Project("{9A19103F-16F7-4668-BE54-9A1E7A4F7556}") = "Benchmarks", "Benchmarks\Benchmarks.csproj", "{FEEB6C35-2179-4002-9B4F-4418D83E733B}"
EndProject
Project("{2150E333-8FDC-42A3-9474-1A3956D46DE8}") = "Solution Items", "Solution Items", "{0DF94F0F-517D-4627-98C4-DB1BB92B8D06}"
	ProjectSection(SolutionItems) = preProject
		.editorconfig = .editorconfig
	EndProjectSection
EndProject
Project("{9A19103F-16F7-4668-BE54-9A1E7A4F7556}") = "Examples", "Examples\Examples.csproj", "{3283C76D-66D3-4C4D-9278-52CD19F2E4DB}"
EndProject
Project("{FAE04EC0-301F-11D3-BF4B-00C04F79EFBC}") = "Mocks", "Mocks\Mocks.csproj", "{84A91CF8-C428-4A7F-BC30-E85B3E7A3220}"
EndProject
Project("{FAE04EC0-301F-11D3-BF4B-00C04F79EFBC}") = "ChaCha", "ChaCha\ChaCha.csproj", "{1F23A258-8294-46C0-A8D0-380FF1FECA46}"
EndProject
Project("{FAE04EC0-301F-11D3-BF4B-00C04F79EFBC}") = "Pcg32", "Pcg32\Pcg32.csproj", "{8CB8AF1D-61E2-47E6-A51B-5C2A10B28175}"
EndProject
Project("{FAE04EC0-301F-11D3-BF4B-00C04F79EFBC}") = "MersenneTwister", "MersenneTwister\MersenneTwister.csproj", "{EF3ABECA-89E7-42BA-AF51-1075A7ABEDB6}"
EndProject
Global
	GlobalSection(SolutionConfigurationPlatforms) = preSolution
		Debug|Any CPU = Debug|Any CPU
		Release|Any CPU = Release|Any CPU
	EndGlobalSection
	GlobalSection(ProjectConfigurationPlatforms) = postSolution
		{50371F70-05E3-4D8A-B582-E8E2B4826AB6}.Debug|Any CPU.ActiveCfg = Debug|Any CPU
		{50371F70-05E3-4D8A-B582-E8E2B4826AB6}.Debug|Any CPU.Build.0 = Debug|Any CPU
		{50371F70-05E3-4D8A-B582-E8E2B4826AB6}.Release|Any CPU.ActiveCfg = Release|Any CPU
		{50371F70-05E3-4D8A-B582-E8E2B4826AB6}.Release|Any CPU.Build.0 = Release|Any CPU
		{ED866C80-C670-432B-8F7A-F705DBFA21D6}.Debug|Any CPU.ActiveCfg = Debug|Any CPU
		{ED866C80-C670-432B-8F7A-F705DBFA21D6}.Debug|Any CPU.Build.0 = Debug|Any CPU
		{ED866C80-C670-432B-8F7A-F705DBFA21D6}.Release|Any CPU.ActiveCfg = Release|Any CPU
		{ED866C80-C670-432B-8F7A-F705DBFA21D6}.Release|Any CPU.Build.0 = Release|Any CPU
		{D9C3778C-E616-4F6E-9DAD-9FA0D7F198A6}.Debug|Any CPU.ActiveCfg = Debug|Any CPU
		{D9C3778C-E616-4F6E-9DAD-9FA0D7F198A6}.Debug|Any CPU.Build.0 = Debug|Any CPU
		{D9C3778C-E616-4F6E-9DAD-9FA0D7F198A6}.Release|Any CPU.ActiveCfg = Release|Any CPU
		{D9C3778C-E616-4F6E-9DAD-9FA0D7F198A6}.Release|Any CPU.Build.0 = Release|Any CPU
		{FEEB6C35-2179-4002-9B4F-4418D83E733B}.Debug|Any CPU.ActiveCfg = Debug|Any CPU
		{FEEB6C35-2179-4002-9B4F-4418D83E733B}.Debug|Any CPU.Build.0 = Debug|Any CPU
		{FEEB6C35-2179-4002-9B4F-4418D83E733B}.Release|Any CPU.ActiveCfg = Release|Any CPU
		{FEEB6C35-2179-4002-9B4F-4418D83E733B}.Release|Any CPU.Build.0 = Release|Any CPU
		{3283C76D-66D3-4C4D-9278-52CD19F2E4DB}.Debug|Any CPU.ActiveCfg = Debug|Any CPU
		{3283C76D-66D3-4C4D-9278-52CD19F2E4DB}.Debug|Any CPU.Build.0 = Debug|Any CPU
		{3283C76D-66D3-4C4D-9278-52CD19F2E4DB}.Release|Any CPU.ActiveCfg = Release|Any CPU
		{3283C76D-66D3-4C4D-9278-52CD19F2E4DB}.Release|Any CPU.Build.0 = Release|Any CPU
		{84A91CF8-C428-4A7F-BC30-E85B3E7A3220}.Debug|Any CPU.ActiveCfg = Debug|Any CPU
		{84A91CF8-C428-4A7F-BC30-E85B3E7A3220}.Debug|Any CPU.Build.0 = Debug|Any CPU
		{84A91CF8-C428-4A7F-BC30-E85B3E7A3220}.Release|Any CPU.ActiveCfg = Release|Any CPU
		{84A91CF8-C428-4A7F-BC30-E85B3E7A3220}.Release|Any CPU.Build.0 = Release|Any CPU
		{1F23A258-8294-46C0-A8D0-380FF1FECA46}.Debug|Any CPU.ActiveCfg = Debug|Any CPU
		{1F23A258-8294-46C0-A8D0-380FF1FECA46}.Debug|Any CPU.Build.0 = Debug|Any CPU
		{1F23A258-8294-46C0-A8D0-380FF1FECA46}.Release|Any CPU.ActiveCfg = Release|Any CPU
		{1F23A258-8294-46C0-A8D0-380FF1FECA46}.Release|Any CPU.Build.0 = Release|Any CPU
		{8CB8AF1D-61E2-47E6-A51B-5C2A10B28175}.Debug|Any CPU.ActiveCfg = Debug|Any CPU
		{8CB8AF1D-61E2-47E6-A51B-5C2A10B28175}.Debug|Any CPU.Build.0 = Debug|Any CPU
		{8CB8AF1D-61E2-47E6-A51B-5C2A10B28175}.Release|Any CPU.ActiveCfg = Release|Any CPU
		{8CB8AF1D-61E2-47E6-A51B-5C2A10B28175}.Release|Any CPU.Build.0 = Release|Any CPU
		{EF3ABECA-89E7-42BA-AF51-1075A7ABEDB6}.Debug|Any CPU.ActiveCfg = Debug|Any CPU
		{EF3ABECA-89E7-42BA-AF51-1075A7ABEDB6}.Debug|Any CPU.Build.0 = Debug|Any CPU
		{EF3ABECA-89E7-42BA-AF51-1075A7ABEDB6}.Release|Any CPU.ActiveCfg = Release|Any CPU
		{EF3ABECA-89E7-42BA-AF51-1075A7ABEDB6}.Release|Any CPU.Build.0 = Release|Any CPU
	EndGlobalSection
	GlobalSection(SolutionProperties) = preSolution
		HideSolutionNode = FALSE
	EndGlobalSection
	GlobalSection(ExtensibilityGlobals) = postSolution
		SolutionGuid = {045A5181-6986-433B-B55D-883AB018102A}
	EndGlobalSection
EndGlobal
